{
  "name": "bestweather",
  "version": "1.0.0",
  "lockfileVersion": 1,
  "requires": true,
  "dependencies": {
    "@uirouter/angularjs": {
      "version": "1.0.8",
      "resolved": "https://registry.npmjs.org/@uirouter/angularjs/-/angularjs-1.0.8.tgz",
      "integrity": "sha512-GNgCyLmtOryzyBO4o8F+e41wkkLzihEN/6hrClQvmA+vf6zX1yvTaC26bFpNg2CJFUNb+DIv8gY5Id3/F0OvZA==",
      "requires": {
        "@uirouter/core": "5.0.10"
      }
    },
    "@uirouter/core": {
      "version": "5.0.10",
      "resolved": "https://registry.npmjs.org/@uirouter/core/-/core-5.0.10.tgz",
      "integrity": "sha512-TKHaFa+3KQDjqq9ZDMp9T2uLlbbIKERis06duLmnEBDnsLrBQppdWN3YvWKDRN0f08b6MOkg4LEHEVjqHWPTSg=="
    },
    "angular": {
      "version": "1.4.5",
      "resolved": "https://registry.npmjs.org/angular/-/angular-1.4.5.tgz",
      "integrity": "sha1-OZus1vG/N3QrUHt9jQZyFAYC2zk="
    },
    "moment": {
      "version": "2.20.1",
      "resolved": "https://registry.npmjs.org/moment/-/moment-2.20.1.tgz",
      "integrity": "sha512-Yh9y73JRljxW5QxN08Fner68eFLxM5ynNOAw2LbIB1YAGeQzZT8QFSUvkAz609Zf+IHhhaUxqZK8dG3W/+HEvg=="
    },
    "underscore": {
      "version": "1.8.3",
      "resolved": "https://registry.npmjs.org/underscore/-/underscore-1.8.3.tgz",
      "integrity": "sha1-Tz+1OxBuYJf8+ctBCfKl6b36UCI="
    }
  }
}
